// !$*UTF8*$!
{
	archiveVersion = 1;
	classes = {
	};
	objectVersion = 77;
	objects = {

/* Begin PBXBuildFile section */
		11AA22BB33CC44DD55EE66FF /* AudioCaptureManager.swift in Sources */ = {isa = PBXBuildFile; fileRef = AA11BB22CC33DD44EE55FF66 /* AudioCaptureManager.swift */; };
		FF00EE11DD22CC33BB44AA55 /* AACEncoder.swift in Sources */ = {isa = PBXBuildFile; fileRef = 99887766554433221100AABB /* AACEncoder.swift */; };
		362D67892016E97FEFD016A9 /* RTPPacketizer.swift in Sources */ = {isa = PBXBuildFile; fileRef = C1252AB81FBF8CD0B74DD10A /* RTPPacketizer.swift */; };
		3B9C0A12649B137738324C18 /* RTSPServer.swift in Sources */ = {isa = PBXBuildFile; fileRef = 6B90DE1BC6F0705AEF8D6EED /* RTSPServer.swift */; };
		48FD2FA325DC6C2F9D39D483 /* RTSPCameraServerApp.swift in Sources */ = {isa = PBXBuildFile; fileRef = 7EE152BDD02483BBC21852EF /* RTSPCameraServerApp.swift */; };
		4D960E8FFE08C48F97CEE133 /* ContentView.swift in Sources */ = {isa = PBXBuildFile; fileRef = 03271DCE53F025A75E3EF31C /* ContentView.swift */; };
		7F88EBE0C7B07073B0386A7F /* StreamResolution.swift in Sources */ = {isa = PBXBuildFile; fileRef = 002AAADAD593F2DCEF83A671 /* StreamResolution.swift */; };
		88CABBF820D656C297AB3492 /* NetworkUtils.swift in Sources */ = {isa = PBXBuildFile; fileRef = 5E1D0DF3E8B4309503DC1848 /* NetworkUtils.swift */; };
		B9617A6C33B542F69049B3D6 /* CameraCaptureManager.swift in Sources */ = {isa = PBXBuildFile; fileRef = 1312B5247B9A3239CFDBCD5C /* CameraCaptureManager.swift */; };
		C60EEAA8EEE6E6E6265443E7 /* H264Encoder.swift in Sources */ = {isa = PBXBuildFile; fileRef = 5BCF4757439BB32A27135341 /* H264Encoder.swift */; };
		EDD61A05122C65B6AA829FDB /* Assets.xcassets in Resources */ = {isa = PBXBuildFile; fileRef = 60FC3D9A2D0612C723F53D29 /* Assets.xcassets */; };
/* End PBXBuildFile section */

/* Begin PBXFileReference section */
		AA11BB22CC33DD44EE55FF66 /* AudioCaptureManager.swift */ = {isa = PBXFileReference; lastKnownFileType = sourcecode.swift; path = AudioCaptureManager.swift; sourceTree = "<group>"; };
		99887766554433221100AABB /* AACEncoder.swift */ = {isa = PBXFileReference; lastKnownFileType = sourcecode.swift; path = AACEncoder.swift; sourceTree = "<group>"; };
		002AAADAD593F2DCEF83A671 /* StreamResolution.swift */ = {isa = PBXFileReference; lastKnownFileType = sourcecode.swift; path = StreamResolution.swift; sourceTree = "<group>"; };
		03271DCE53F025A75E3EF31C /* ContentView.swift */ = {isa = PBXFileReference; lastKnownFileType = sourcecode.swift; path = ContentView.swift; sourceTree = "<group>"; };
		1312B5247B9A3239CFDBCD5C /* CameraCaptureManager.swift */ = {isa = PBXFileReference; lastKnownFileType = sourcecode.swift; path = CameraCaptureManager.swift; sourceTree = "<group>"; };
		5BCF4757439BB32A27135341 /* H264Encoder.swift */ = {isa = PBXFileReference; lastKnownFileType = sourcecode.swift; path = H264Encoder.swift; sourceTree = "<group>"; };
		5E1D0DF3E8B4309503DC1848 /* NetworkUtils.swift */ = {isa = PBXFileReference; lastKnownFileType = sourcecode.swift; path = NetworkUtils.swift; sourceTree = "<group>"; };
		60FC3D9A2D0612C723F53D29 /* Assets.xcassets */ = {isa = PBXFileReference; lastKnownFileType = folder.assetcatalog; path = Assets.xcassets; sourceTree = "<group>"; };
		6B90DE1BC6F0705AEF8D6EED /* RTSPServer.swift */ = {isa = PBXFileReference; lastKnownFileType = sourcecode.swift; path = RTSPServer.swift; sourceTree = "<group>"; };
		7EE152BDD02483BBC21852EF /* RTSPCameraServerApp.swift */ = {isa = PBXFileReference; lastKnownFileType = sourcecode.swift; path = RTSPCameraServerApp.swift; sourceTree = "<group>"; };
		A38A351C09D3F07707B2BFC4 /* Info.plist */ = {isa = PBXFileReference; lastKnownFileType = text.plist; path = Info.plist; sourceTree = "<group>"; };
		C1252AB81FBF8CD0B74DD10A /* RTPPacketizer.swift */ = {isa = PBXFileReference; lastKnownFileType = sourcecode.swift; path = RTPPacketizer.swift; sourceTree = "<group>"; };
		EEEC0C2B95426145F2A92A49 /* RTSPCameraServer.app */ = {isa = PBXFileReference; explicitFileType = wrapper.application; includeInIndex = 0; path = RTSPCameraServer.app; sourceTree = BUILT_PRODUCTS_DIR; };
/* End PBXFileReference section */

/* Begin PBXGroup section */
		551AC244F05BF35CD40D1F44 /* Sources */ = {
			isa = PBXGroup;
			children = (
				99887766554433221100AABB /* AACEncoder.swift */,
				60FC3D9A2D0612C723F53D29 /* Assets.xcassets */,
				AA11BB22CC33DD44EE55FF66 /* AudioCaptureManager.swift */,
				1312B5247B9A3239CFDBCD5C /* CameraCaptureManager.swift */,
				03271DCE53F025A75E3EF31C /* ContentView.swift */,
				5BCF4757439BB32A27135341 /* H264Encoder.swift */,
				A38A351C09D3F07707B2BFC4 /* Info.plist */,
				5E1D0DF3E8B4309503DC1848 /* NetworkUtils.swift */,
				C1252AB81FBF8CD0B74DD10A /* RTPPacketizer.swift */,
				7EE152BDD02483BBC21852EF /* RTSPCameraServerApp.swift */,
				6B90DE1BC6F0705AEF8D6EED /* RTSPServer.swift */,
				002AAADAD593F2DCEF83A671 /* StreamResolution.swift */,
			);
			path = Sources;
			sourceTree = "<group>";
		};
		E2F7749CB4E482E3E33A974E = {
			isa = PBXGroup;
			children = (
				551AC244F05BF35CD40D1F44 /* Sources */,
				E54A0CE9CA50AB7D382024A9 /* Products */,
			);
			sourceTree = "<group>";
		};
		E54A0CE9CA50AB7D382024A9 /* Products */ = {
			isa = PBXGroup;
			children = (
				EEEC0C2B95426145F2A92A49 /* RTSPCameraServer.app */,
			);
			name = Products;
			sourceTree = "<group>";
		};
/* End PBXGroup section */

/* Begin PBXNativeTarget section */
		286F71C89AC312082ECD7508 /* RTSPCameraServer */ = {
			isa = PBXNativeTarget;
			buildConfigurationList = B5FEAC5710F15DF5ACA11C1C /* Build configuration list for PBXNativeTarget "RTSPCameraServer" */;
			buildPhases = (
				B43B3DD30ECAC5404766FBD5 /* Sources */,
				D61FD9D6EA5455521621833E /* Resources */,
			);
			buildRules = (
			);
			dependencies = (
			);
			name = RTSPCameraServer;
			packageProductDependencies = (
			);
			productName = RTSPCameraServer;
			productReference = EEEC0C2B95426145F2A92A49 /* RTSPCameraServer.app */;
			productType = "com.apple.product-type.application";
		};
/* End PBXNativeTarget section */

/* Begin PBXProject section */
		166C8454F64F570C1D67BCD2 /* Project object */ = {
			isa = PBXProject;
			attributes = {
				BuildIndependentTargetsInParallel = YES;
				LastUpgradeCheck = 1430;
				TargetAttributes = {
					286F71C89AC312082ECD7508 = {
						ProvisioningStyle = Automatic;
					};
				};
			};
			buildConfigurationList = F5FD9A81BA326EF37BE5C5AE /* Build configuration list for PBXProject "RTSPCameraServer" */;
			developmentRegion = en;
			hasScannedForEncodings = 0;
			knownRegions = (
				Base,
				en,
			);
			mainGroup = E2F7749CB4E482E3E33A974E;
			minimizedProjectReferenceProxies = 1;
			preferredProjectObjectVersion = 77;
			productRefGroup = E54A0CE9CA50AB7D382024A9 /* Products */;
			projectDirPath = "";
			projectRoot = "";
			targets = (
				286F71C89AC312082ECD7508 /* RTSPCameraServer */,
			);
		};
/* End PBXProject section */

/* Begin PBXResourcesBuildPhase section */
		D61FD9D6EA5455521621833E /* Resources */ = {
			isa = PBXResourcesBuildPhase;
			buildActionMask = 2147483647;
			files = (
				EDD61A05122C65B6AA829FDB /* Assets.xcassets in Resources */,
			);
			runOnlyForDeploymentPostprocessing = 0;
		};
/* End PBXResourcesBuildPhase section */

/* Begin PBXSourcesBuildPhase section */
		B43B3DD30ECAC5404766FBD5 /* Sources */ = {
			isa = PBXSourcesBuildPhase;
			buildActionMask = 2147483647;
			files = (
				FF00EE11DD22CC33BB44AA55 /* AACEncoder.swift in Sources */,
				11AA22BB33CC44DD55EE66FF /* AudioCaptureManager.swift in Sources */,
				B9617A6C33B542F69049B3D6 /* CameraCaptureManager.swift in Sources */,
				4D960E8FFE08C48F97CEE133 /* ContentView.swift in Sources */,
				C60EEAA8EEE6E6E6265443E7 /* H264Encoder.swift in Sources */,
				88CABBF820D656C297AB3492 /* NetworkUtils.swift in Sources */,
				362D67892016E97FEFD016A9 /* RTPPacketizer.swift in Sources */,
				48FD2FA325DC6C2F9D39D483 /* RTSPCameraServerApp.swift in Sources */,
				3B9C0A12649B137738324C18 /* RTSPServer.swift in Sources */,
				7F88EBE0C7B07073B0386A7F /* StreamResolution.swift in Sources */,
			);
			runOnlyForDeploymentPostprocessing = 0;
		};
/* End PBXSourcesBuildPhase section */

/* Begin XCBuildConfiguration section */
		141641134B198726DEFAFBAE /* Release */ = {
			isa = XCBuildConfiguration;
			buildSettings = {
				ALWAYS_SEARCH_USER_PATHS = NO;
				CLANG_ANALYZER_NONNULL = YES;
				CLANG_ANALYZER_NUMBER_OBJECT_CONVERSION = YES_AGGRESSIVE;
				CLANG_CXX_LANGUAGE_STANDARD = "gnu++14";
				CLANG_CXX_LIBRARY = "libc++";
				CLANG_ENABLE_MODULES = YES;
				CLANG_ENABLE_OBJC_ARC = YES;
				CLANG_ENABLE_OBJC_WEAK = YES;
				CLANG_WARN_BLOCK_CAPTURE_AUTORELEASING = YES;
				CLANG_WARN_BOOL_CONVERSION = YES;
				CLANG_WARN_COMMA = YES;
				CLANG_WARN_CONSTANT_CONVERSION = YES;
				CLANG_WARN_DEPRECATED_OBJC_IMPLEMENTATIONS = YES;
				CLANG_WARN_DIRECT_OBJC_ISA_USAGE = YES_ERROR;
				CLANG_WARN_DOCUMENTATION_COMMENTS = YES;
				CLANG_WARN_EMPTY_BODY = YES;
				CLANG_WARN_ENUM_CONVERSION = YES;
				CLANG_WARN_INFINITE_RECURSION = YES;
				CLANG_WARN_INT_CONVERSION = YES;
				CLANG_WARN_NON_LITERAL_NULL_CONVERSION = YES;
				CLANG_WARN_OBJC_IMPLICIT_RETAIN_SELF = YES;
				CLANG_WARN_OBJC_LITERAL_CONVERSION = YES;
				CLANG_WARN_OBJC_ROOT_CLASS = YES_ERROR;
				CLANG_WARN_QUOTED_INCLUDE_IN_FRAMEWORK_HEADER = YES;
				CLANG_WARN_RANGE_LOOP_ANALYSIS = YES;
				CLANG_WARN_STRICT_PROTOTYPES = YES;
				CLANG_WARN_SUSPICIOUS_MOVE = YES;
				CLANG_WARN_UNGUARDED_AVAILABILITY = YES_AGGRESSIVE;
				CLANG_WARN_UNREACHABLE_CODE = YES;
				CLANG_WARN__DUPLICATE_METHOD_MATCH = YES;
				COPY_PHASE_STRIP = NO;
				DEBUG_INFORMATION_FORMAT = "dwarf-with-dsym";
				ENABLE_NS_ASSERTIONS = NO;
				ENABLE_STRICT_OBJC_MSGSEND = YES;
				GCC_C_LANGUAGE_STANDARD = gnu11;
				GCC_NO_COMMON_BLOCKS = YES;
				GCC_WARN_64_TO_32_BIT_CONVERSION = YES;
				GCC_WARN_ABOUT_RETURN_TYPE = YES_ERROR;
				GCC_WARN_UNDECLARED_SELECTOR = YES;
				GCC_WARN_UNINITIALIZED_AUTOS = YES_AGGRESSIVE;
				GCC_WARN_UNUSED_FUNCTION = YES;
				GCC_WARN_UNUSED_VARIABLE = YES;
				MTL_ENABLE_DEBUG_INFO = NO;
				MTL_FAST_MATH = YES;
				PRODUCT_NAME = "$(TARGET_NAME)";
				SDKROOT = iphoneos;
				SWIFT_COMPILATION_MODE = wholemodule;
				SWIFT_OPTIMIZATION_LEVEL = "-O";
				SWIFT_VERSION = 5.0;
			};
			name = Release;
		};
		941A9E228EDE11CC5756ADEA /* Debug */ = {
			isa = XCBuildConfiguration;
			buildSettings = {
				ALWAYS_SEARCH_USER_PATHS = NO;
				CLANG_ANALYZER_NONNULL = YES;
				CLANG_ANALYZER_NUMBER_OBJECT_CONVERSION = YES_AGGRESSIVE;
				CLANG_CXX_LANGUAGE_STANDARD = "gnu++14";
				CLANG_CXX_LIBRARY = "libc++";
				CLANG_ENABLE_MODULES = YES;
				CLANG_ENABLE_OBJC_ARC = YES;
				CLANG_ENABLE_OBJC_WEAK = YES;
				CLANG_WARN_BLOCK_CAPTURE_AUTORELEASING = YES;
				CLANG_WARN_BOOL_CONVERSION = YES;
				CLANG_WARN_COMMA = YES;
				CLANG_WARN_CONSTANT_CONVERSION = YES;
				CLANG_WARN_DEPRECATED_OBJC_IMPLEMENTATIONS = YES;
				CLANG_WARN_DIRECT_OBJC_ISA_USAGE = YES_ERROR;
				CLANG_WARN_DOCUMENTATION_COMMENTS = YES;
				CLANG_WARN_EMPTY_BODY = YES;
				CLANG_WARN_ENUM_CONVERSION = YES;
				CLANG_WARN_INFINITE_RECURSION = YES;
				CLANG_WARN_INT_CONVERSION = YES;
				CLANG_WARN_NON_LITERAL_NULL_CONVERSION = YES;
				CLANG_WARN_OBJC_IMPLICIT_RETAIN_SELF = YES;
				CLANG_WARN_OBJC_LITERAL_CONVERSION = YES;
				CLANG_WARN_OBJC_ROOT_CLASS = YES_ERROR;
				CLANG_WARN_QUOTED_INCLUDE_IN_FRAMEWORK_HEADER = YES;
				CLANG_WARN_RANGE_LOOP_ANALYSIS = YES;
				CLANG_WARN_STRICT_PROTOTYPES = YES;
				CLANG_WARN_SUSPICIOUS_MOVE = YES;
				CLANG_WARN_UNGUARDED_AVAILABILITY = YES_AGGRESSIVE;
				CLANG_WARN_UNREACHABLE_CODE = YES;
				CLANG_WARN__DUPLICATE_METHOD_MATCH = YES;
				COPY_PHASE_STRIP = NO;
				DEBUG_INFORMATION_FORMAT = dwarf;
				ENABLE_STRICT_OBJC_MSGSEND = YES;
				ENABLE_TESTABILITY = YES;
				GCC_C_LANGUAGE_STANDARD = gnu11;
				GCC_DYNAMIC_NO_PIC = NO;
				GCC_NO_COMMON_BLOCKS = YES;
				GCC_OPTIMIZATION_LEVEL = 0;
				GCC_PREPROCESSOR_DEFINITIONS = (
					"$(inherited)",
					"DEBUG=1",
				);
				GCC_WARN_64_TO_32_BIT_CONVERSION = YES;
				GCC_WARN_ABOUT_RETURN_TYPE = YES_ERROR;
				GCC_WARN_UNDECLARED_SELECTOR = YES;
				GCC_WARN_UNINITIALIZED_AUTOS = YES_AGGRESSIVE;
				GCC_WARN_UNUSED_FUNCTION = YES;
				GCC_WARN_UNUSED_VARIABLE = YES;
				MTL_ENABLE_DEBUG_INFO = INCLUDE_SOURCE;
				MTL_FAST_MATH = YES;
				ONLY_ACTIVE_ARCH = YES;
				PRODUCT_NAME = "$(TARGET_NAME)";
				SDKROOT = iphoneos;
				SWIFT_ACTIVE_COMPILATION_CONDITIONS = DEBUG;
				SWIFT_OPTIMIZATION_LEVEL = "-Onone";
				SWIFT_VERSION = 5.0;
			};
			name = Debug;
		};
		BA38715F0CDF17D127FD02AF /* Debug */ = {
			isa = XCBuildConfiguration;
			buildSettings = {
				ASSETCATALOG_COMPILER_APPICON_NAME = AppIcon;
				CODE_SIGN_IDENTITY = "iPhone Developer";
				CODE_SIGN_STYLE = Automatic;
				DEVELOPMENT_TEAM = 944B8ZC6P2;
				INFOPLIST_FILE = Sources/Info.plist;
				IPHONEOS_DEPLOYMENT_TARGET = 16.0;
				LD_RUNPATH_SEARCH_PATHS = (
					"$(inherited)",
					"@executable_path/Frameworks",
				);
				PRODUCT_BUNDLE_IDENTIFIER = com.sianci.rtspcameraserver;
				SDKROOT = iphoneos;
				SWIFT_VERSION = 5.0;
				TARGETED_DEVICE_FAMILY = 1;
			};
			name = Debug;
		};
		D75C96FE369E532D551F1B3C /* Release */ = {
			isa = XCBuildConfiguration;
			buildSettings = {
				ASSETCATALOG_COMPILER_APPICON_NAME = AppIcon;
				CODE_SIGN_IDENTITY = "iPhone Developer";
				CODE_SIGN_STYLE = Automatic;
				DEVELOPMENT_TEAM = 944B8ZC6P2;
				INFOPLIST_FILE = Sources/Info.plist;
				IPHONEOS_DEPLOYMENT_TARGET = 16.0;
				LD_RUNPATH_SEARCH_PATHS = (
					"$(inherited)",
					"@executable_path/Frameworks",
				);
				PRODUCT_BUNDLE_IDENTIFIER = com.sianci.rtspcameraserver;
				SDKROOT = iphoneos;
				SWIFT_VERSION = 5.0;
				TARGETED_DEVICE_FAMILY = 1;
			};
			name = Release;
		};
/* End XCBuildConfiguration section */

/* Begin XCConfigurationList section */
		B5FEAC5710F15DF5ACA11C1C /* Build configuration list for PBXNativeTarget "RTSPCameraServer" */ = {
			isa = XCConfigurationList;
			buildConfigurations = (
				BA38715F0CDF17D127FD02AF /* Debug */,
				D75C96FE369E532D551F1B3C /* Release */,
			);
			defaultConfigurationIsVisible = 0;
			defaultConfigurationName = Debug;
		};
		F5FD9A81BA326EF37BE5C5AE /* Build configuration list for PBXProject "RTSPCameraServer" */ = {
			isa = XCConfigurationList;
			buildConfigurations = (
				941A9E228EDE11CC5756ADEA /* Debug */,
				141641134B198726DEFAFBAE /* Release */,
			);
			defaultConfigurationIsVisible = 0;
			defaultConfigurationName = Debug;
		};
/* End XCConfigurationList section */
	};
	rootObject = 166C8454F64F570C1D67BCD2 /* Project object */;
}
